
Microsoft Visual Studio Solution File, Format Version 12.00
# Visual Studio Version 16
VisualStudioVersion = 16.0.32126.315
MinimumVisualStudioVersion = 10.0.40219.1
Project("{FAE04EC0-301F-11D3-BF4B-00C04F79EFBC}") = "01. Guinea Pig", "01. Guinea Pig\01. Guinea Pig.csproj", "{D24BB8E8-6F60-4A3D-BEE0-2959ACF1AFF6}"
EndProject
Project("{FAE04EC0-301F-11D3-BF4B-00C04F79EFBC}") = "02.The Lift", "02.The Lift\02.The Lift.csproj", "{CCDB2B3C-8D72-4208-9FDE-C56D794DA3CB}"
EndProject
Global
	GlobalSection(SolutionConfigurationPlatforms) = preSolution
		Debug|Any CPU = Debug|Any CPU
		Release|Any CPU = Release|Any CPU
	EndGlobalSection
	GlobalSection(ProjectConfigurationPlatforms) = postSolution
		{D24BB8E8-6F60-4A3D-BEE0-2959ACF1AFF6}.Debug|Any CPU.ActiveCfg = Debug|Any CPU
		{D24BB8E8-6F60-4A3D-BEE0-2959ACF1AFF6}.Debug|Any CPU.Build.0 = Debug|Any CPU
		{D24BB8E8-6F60-4A3D-BEE0-2959ACF1AFF6}.Release|Any CPU.ActiveCfg = Release|Any CPU
		{D24BB8E8-6F60-4A3D-BEE0-2959ACF1AFF6}.Release|Any CPU.Build.0 = Release|Any CPU
		{CCDB2B3C-8D72-4208-9FDE-C56D794DA3CB}.Debug|Any CPU.ActiveCfg = Debug|Any CPU
		{CCDB2B3C-8D72-4208-9FDE-C56D794DA3CB}.Debug|Any CPU.Build.0 = Debug|Any CPU
		{CCDB2B3C-8D72-4208-9FDE-C56D794DA3CB}.Release|Any CPU.ActiveCfg = Release|Any CPU
		{CCDB2B3C-8D72-4208-9FDE-C56D794DA3CB}.Release|Any CPU.Build.0 = Release|Any CPU
	EndGlobalSection
	GlobalSection(SolutionProperties) = preSolution
		HideSolutionNode = FALSE
	EndGlobalSection
	GlobalSection(ExtensibilityGlobals) = postSolution
		SolutionGuid = {0662D9A6-0A55-44E3-A561-0B4C787EC3A5}
	EndGlobalSection
EndGlobal
